
Microsoft Visual Studio Solution File, Format Version 12.00
# Visual Studio Version 16
VisualStudioVersion = 16.0.32929.386
MinimumVisualStudioVersion = 10.0.40219.1
Project("{FAE04EC0-301F-11D3-BF4B-00C04F79EFBC}") = "ArrayNumbers", "ArrayNumbers\ArrayNumbers.csproj", "{C4ECB0B5-89B6-43C6-9346-1B627D8AB062}"
EndProject
Global
	GlobalSection(SolutionConfigurationPlatforms) = preSolution
		Debug|Any CPU = Debug|Any CPU
		Release|Any CPU = Release|Any CPU
	EndGlobalSection
	GlobalSection(ProjectConfigurationPlatforms) = postSolution
		{C4ECB0B5-89B6-43C6-9346-1B627D8AB062}.Debug|Any CPU.ActiveCfg = Debug|Any CPU
		{C4ECB0B5-89B6-43C6-9346-1B627D8AB062}.Debug|Any CPU.Build.0 = Debug|Any CPU
		{C4ECB0B5-89B6-43C6-9346-1B627D8AB062}.Release|Any CPU.ActiveCfg = Release|Any CPU
		{C4ECB0B5-89B6-43C6-9346-1B627D8AB062}.Release|Any CPU.Build.0 = Release|Any CPU
	EndGlobalSection
	GlobalSection(SolutionProperties) = preSolution
		HideSolutionNode = FALSE
	EndGlobalSection
	GlobalSection(ExtensibilityGlobals) = postSolution
		SolutionGuid = {0B383169-09D5-437A-A6FC-CF19E9A355B6}
	EndGlobalSection
EndGlobal
